
Microsoft Visual Studio Solution File, Format Version 11.00
# Visual Studio 2010
Project("{FAE04EC0-301F-11D3-BF4B-00C04F79EFBC}") = "Assembly-CSharp", "Assembly-CSharp.csproj", "{52015439-7A44-24DD-7484-45286BE29B37}"
EndProject
Project("{FAE04EC0-301F-11D3-BF4B-00C04F79EFBC}") = "Assembly-CSharp-Editor", "Assembly-CSharp-Editor.csproj", "{AA650DA6-31BC-9132-5103-7E1DF7268EAB}"
EndProject
Global
	GlobalSection(SolutionConfigurationPlatforms) = preSolution
		Debug|Any CPU = Debug|Any CPU
		Release|Any CPU = Release|Any CPU
	EndGlobalSection
	GlobalSection(ProjectConfigurationPlatforms) = postSolution
		{52015439-7A44-24DD-7484-45286BE29B37}.Debug|Any CPU.ActiveCfg = Debug|Any CPU
		{52015439-7A44-24DD-7484-45286BE29B37}.Debug|Any CPU.Build.0 = Debug|Any CPU
		{52015439-7A44-24DD-7484-45286BE29B37}.Release|Any CPU.ActiveCfg = Release|Any CPU
		{52015439-7A44-24DD-7484-45286BE29B37}.Release|Any CPU.Build.0 = Release|Any CPU
		{AA650DA6-31BC-9132-5103-7E1DF7268EAB}.Debug|Any CPU.ActiveCfg = Debug|Any CPU
		{AA650DA6-31BC-9132-5103-7E1DF7268EAB}.Debug|Any CPU.Build.0 = Debug|Any CPU
		{AA650DA6-31BC-9132-5103-7E1DF7268EAB}.Release|Any CPU.ActiveCfg = Release|Any CPU
		{AA650DA6-31BC-9132-5103-7E1DF7268EAB}.Release|Any CPU.Build.0 = Release|Any CPU
	EndGlobalSection
	GlobalSection(SolutionProperties) = preSolution
		HideSolutionNode = FALSE
	EndGlobalSection
EndGlobal
